// !$*UTF8*$!
{
	archiveVersion = 1;
	classes = {
	};
	objectVersion = 50;
	objects = {

/* Begin PBXBuildFile section */
		D60FF75A25B6ED890020782F /* Appetizer.swift in Sources */ = {isa = PBXBuildFile; fileRef = D60FF75925B6ED890020782F /* Appetizer.swift */; };
		D6205B8125B9785F00BE1A89 /* NetworkManager.swift in Sources */ = {isa = PBXBuildFile; fileRef = D6205B8025B9785F00BE1A89 /* NetworkManager.swift */; };
		D6205B8425B9834A00BE1A89 /* APError.swift in Sources */ = {isa = PBXBuildFile; fileRef = D6205B8325B9834A00BE1A89 /* APError.swift */; };
		D691F02C25B58E3300D84649 /* AppetizersApp.swift in Sources */ = {isa = PBXBuildFile; fileRef = D691F02B25B58E3300D84649 /* AppetizersApp.swift */; };
		D691F02E25B58E3300D84649 /* AppetizerTabView.swift in Sources */ = {isa = PBXBuildFile; fileRef = D691F02D25B58E3300D84649 /* AppetizerTabView.swift */; };
		D691F03025B58E3400D84649 /* Assets.xcassets in Resources */ = {isa = PBXBuildFile; fileRef = D691F02F25B58E3400D84649 /* Assets.xcassets */; };
		D691F03325B58E3400D84649 /* Preview Assets.xcassets in Resources */ = {isa = PBXBuildFile; fileRef = D691F03225B58E3400D84649 /* Preview Assets.xcassets */; };
		D691F03D25B58EB400D84649 /* AppetizerListView.swift in Sources */ = {isa = PBXBuildFile; fileRef = D691F03C25B58EB400D84649 /* AppetizerListView.swift */; };
		D691F04025B58EC200D84649 /* AccountView.swift in Sources */ = {isa = PBXBuildFile; fileRef = D691F03F25B58EC200D84649 /* AccountView.swift */; };
		D691F04325B58ECC00D84649 /* OrderView.swift in Sources */ = {isa = PBXBuildFile; fileRef = D691F04225B58ECC00D84649 /* OrderView.swift */; };
		D6A0691C25B83140002B873F /* AppetizerListCell.swift in Sources */ = {isa = PBXBuildFile; fileRef = D6A0691B25B83140002B873F /* AppetizerListCell.swift */; };
		D6A2A03E25BCAD9600289193 /* Alert.swift in Sources */ = {isa = PBXBuildFile; fileRef = D6A2A03D25BCAD9600289193 /* Alert.swift */; };
		D6C492AC25BAD162007D247D /* AppetizerListViewViewModel.swift in Sources */ = {isa = PBXBuildFile; fileRef = D6C492AB25BAD162007D247D /* AppetizerListViewViewModel.swift */; };
		D6E75D1425BD79FE00BC5FCA /* LoadingView.swift in Sources */ = {isa = PBXBuildFile; fileRef = D6E75D1325BD79FE00BC5FCA /* LoadingView.swift */; };
		D6E75D1725BD7B0000BC5FCA /* Color+Ext.swift in Sources */ = {isa = PBXBuildFile; fileRef = D6E75D1625BD7B0000BC5FCA /* Color+Ext.swift */; };
		D6E75D1A25BD82FD00BC5FCA /* RemoteImage.swift in Sources */ = {isa = PBXBuildFile; fileRef = D6E75D1925BD82FD00BC5FCA /* RemoteImage.swift */; };
		D6F13DA725BF053D00A67042 /* AppetizerDetailView.swift in Sources */ = {isa = PBXBuildFile; fileRef = D6F13DA625BF053D00A67042 /* AppetizerDetailView.swift */; };
/* End PBXBuildFile section */

/* Begin PBXFileReference section */
		D60FF75925B6ED890020782F /* Appetizer.swift */ = {isa = PBXFileReference; lastKnownFileType = sourcecode.swift; path = Appetizer.swift; sourceTree = "<group>"; };
		D6205B8025B9785F00BE1A89 /* NetworkManager.swift */ = {isa = PBXFileReference; lastKnownFileType = sourcecode.swift; path = NetworkManager.swift; sourceTree = "<group>"; };
		D6205B8325B9834A00BE1A89 /* APError.swift */ = {isa = PBXFileReference; lastKnownFileType = sourcecode.swift; path = APError.swift; sourceTree = "<group>"; };
		D691F02825B58E3300D84649 /* Appetizers.app */ = {isa = PBXFileReference; explicitFileType = wrapper.application; includeInIndex = 0; path = Appetizers.app; sourceTree = BUILT_PRODUCTS_DIR; };
		D691F02B25B58E3300D84649 /* AppetizersApp.swift */ = {isa = PBXFileReference; lastKnownFileType = sourcecode.swift; path = AppetizersApp.swift; sourceTree = "<group>"; };
		D691F02D25B58E3300D84649 /* AppetizerTabView.swift */ = {isa = PBXFileReference; lastKnownFileType = sourcecode.swift; path = AppetizerTabView.swift; sourceTree = "<group>"; };
		D691F02F25B58E3400D84649 /* Assets.xcassets */ = {isa = PBXFileReference; lastKnownFileType = folder.assetcatalog; path = Assets.xcassets; sourceTree = "<group>"; };
		D691F03225B58E3400D84649 /* Preview Assets.xcassets */ = {isa = PBXFileReference; lastKnownFileType = folder.assetcatalog; path = "Preview Assets.xcassets"; sourceTree = "<group>"; };
		D691F03425B58E3400D84649 /* Info.plist */ = {isa = PBXFileReference; lastKnownFileType = text.plist.xml; path = Info.plist; sourceTree = "<group>"; };
		D691F03C25B58EB400D84649 /* AppetizerListView.swift */ = {isa = PBXFileReference; lastKnownFileType = sourcecode.swift; path = AppetizerListView.swift; sourceTree = "<group>"; };
		D691F03F25B58EC200D84649 /* AccountView.swift */ = {isa = PBXFileReference; lastKnownFileType = sourcecode.swift; path = AccountView.swift; sourceTree = "<group>"; };
		D691F04225B58ECC00D84649 /* OrderView.swift */ = {isa = PBXFileReference; lastKnownFileType = sourcecode.swift; path = OrderView.swift; sourceTree = "<group>"; };
		D6A0691B25B83140002B873F /* AppetizerListCell.swift */ = {isa = PBXFileReference; lastKnownFileType = sourcecode.swift; path = AppetizerListCell.swift; sourceTree = "<group>"; };
		D6A2A03D25BCAD9600289193 /* Alert.swift */ = {isa = PBXFileReference; lastKnownFileType = sourcecode.swift; path = Alert.swift; sourceTree = "<group>"; };
		D6C492AB25BAD162007D247D /* AppetizerListViewViewModel.swift */ = {isa = PBXFileReference; lastKnownFileType = sourcecode.swift; path = AppetizerListViewViewModel.swift; sourceTree = "<group>"; };
		D6E75D1325BD79FE00BC5FCA /* LoadingView.swift */ = {isa = PBXFileReference; lastKnownFileType = sourcecode.swift; path = LoadingView.swift; sourceTree = "<group>"; };
		D6E75D1625BD7B0000BC5FCA /* Color+Ext.swift */ = {isa = PBXFileReference; lastKnownFileType = sourcecode.swift; path = "Color+Ext.swift"; sourceTree = "<group>"; };
		D6E75D1925BD82FD00BC5FCA /* RemoteImage.swift */ = {isa = PBXFileReference; lastKnownFileType = sourcecode.swift; path = RemoteImage.swift; sourceTree = "<group>"; };
		D6F13DA625BF053D00A67042 /* AppetizerDetailView.swift */ = {isa = PBXFileReference; lastKnownFileType = sourcecode.swift; path = AppetizerDetailView.swift; sourceTree = "<group>"; };
/* End PBXFileReference section */

/* Begin PBXFrameworksBuildPhase section */
		D691F02525B58E3300D84649 /* Frameworks */ = {
			isa = PBXFrameworksBuildPhase;
			buildActionMask = 2147483647;
			files = (
			);
			runOnlyForDeploymentPostprocessing = 0;
		};
/* End PBXFrameworksBuildPhase section */

/* Begin PBXGroup section */
		D691F01F25B58E3300D84649 = {
			isa = PBXGroup;
			children = (
				D691F02A25B58E3300D84649 /* Appetizers */,
				D691F02925B58E3300D84649 /* Products */,
			);
			sourceTree = "<group>";
		};
		D691F02925B58E3300D84649 /* Products */ = {
			isa = PBXGroup;
			children = (
				D691F02825B58E3300D84649 /* Appetizers.app */,
			);
			name = Products;
			sourceTree = "<group>";
		};
		D691F02A25B58E3300D84649 /* Appetizers */ = {
			isa = PBXGroup;
			children = (
				D6F13DA125BF03A200A67042 /* Model */,
				D6F13D9D25BF031500A67042 /* Utilities */,
				D6F13DA225BF03FE00A67042 /* Views */,
				D6F13D9925BF02AB00A67042 /* Screens */,
				D691F02B25B58E3300D84649 /* AppetizersApp.swift */,
				D6F13DA625BF053D00A67042 /* AppetizerDetailView.swift */,
				D691F02F25B58E3400D84649 /* Assets.xcassets */,
				D691F03425B58E3400D84649 /* Info.plist */,
				D691F03125B58E3400D84649 /* Preview Content */,
			);
			path = Appetizers;
			sourceTree = "<group>";
		};
		D691F03125B58E3400D84649 /* Preview Content */ = {
			isa = PBXGroup;
			children = (
				D691F03225B58E3400D84649 /* Preview Assets.xcassets */,
			);
			path = "Preview Content";
			sourceTree = "<group>";
		};
		D6F13D9925BF02AB00A67042 /* Screens */ = {
			isa = PBXGroup;
			children = (
				D691F02D25B58E3300D84649 /* AppetizerTabView.swift */,
				D6F13D9A25BF02B400A67042 /* AppetizerListView */,
				D6F13D9B25BF02C700A67042 /* AccountView */,
				D6F13D9C25BF02CF00A67042 /* OrderView */,
			);
			path = Screens;
			sourceTree = "<group>";
		};
		D6F13D9A25BF02B400A67042 /* AppetizerListView */ = {
			isa = PBXGroup;
			children = (
				D6C492AB25BAD162007D247D /* AppetizerListViewViewModel.swift */,
				D691F03C25B58EB400D84649 /* AppetizerListView.swift */,
			);
			path = AppetizerListView;
			sourceTree = "<group>";
		};
		D6F13D9B25BF02C700A67042 /* AccountView */ = {
			isa = PBXGroup;
			children = (
				D691F03F25B58EC200D84649 /* AccountView.swift */,
			);
			path = AccountView;
			sourceTree = "<group>";
		};
		D6F13D9C25BF02CF00A67042 /* OrderView */ = {
			isa = PBXGroup;
			children = (
				D691F04225B58ECC00D84649 /* OrderView.swift */,
			);
			path = OrderView;
			sourceTree = "<group>";
		};
		D6F13D9D25BF031500A67042 /* Utilities */ = {
			isa = PBXGroup;
			children = (
				D6F13DA025BF037500A67042 /* Alerts */,
				D6F13D9E25BF032D00A67042 /* Extensions */,
				D6F13D9F25BF033B00A67042 /* Managers */,
			);
			path = Utilities;
			sourceTree = "<group>";
		};
		D6F13D9E25BF032D00A67042 /* Extensions */ = {
			isa = PBXGroup;
			children = (
				D6E75D1625BD7B0000BC5FCA /* Color+Ext.swift */,
			);
			path = Extensions;
			sourceTree = "<group>";
		};
		D6F13D9F25BF033B00A67042 /* Managers */ = {
			isa = PBXGroup;
			children = (
				D6205B8025B9785F00BE1A89 /* NetworkManager.swift */,
			);
			path = Managers;
			sourceTree = "<group>";
		};
		D6F13DA025BF037500A67042 /* Alerts */ = {
			isa = PBXGroup;
			children = (
				D6A2A03D25BCAD9600289193 /* Alert.swift */,
				D6205B8325B9834A00BE1A89 /* APError.swift */,
			);
			path = Alerts;
			sourceTree = "<group>";
		};
		D6F13DA125BF03A200A67042 /* Model */ = {
			isa = PBXGroup;
			children = (
				D60FF75925B6ED890020782F /* Appetizer.swift */,
			);
			path = Model;
			sourceTree = "<group>";
		};
		D6F13DA225BF03FE00A67042 /* Views */ = {
			isa = PBXGroup;
			children = (
				D6F13DA525BF043800A67042 /* Image */,
				D6F13DA425BF042B00A67042 /* Cells */,
				D6F13DA325BF040F00A67042 /* UIKit Components */,
			);
			path = Views;
			sourceTree = "<group>";
		};
		D6F13DA325BF040F00A67042 /* UIKit Components */ = {
			isa = PBXGroup;
			children = (
				D6E75D1325BD79FE00BC5FCA /* LoadingView.swift */,
			);
			path = "UIKit Components";
			sourceTree = "<group>";
		};
		D6F13DA425BF042B00A67042 /* Cells */ = {
			isa = PBXGroup;
			children = (
				D6A0691B25B83140002B873F /* AppetizerListCell.swift */,
			);
			path = Cells;
			sourceTree = "<group>";
		};
		D6F13DA525BF043800A67042 /* Image */ = {
			isa = PBXGroup;
			children = (
				D6E75D1925BD82FD00BC5FCA /* RemoteImage.swift */,
			);
			path = Image;
			sourceTree = "<group>";
		};
/* End PBXGroup section */

/* Begin PBXNativeTarget section */
		D691F02725B58E3300D84649 /* Appetizers */ = {
			isa = PBXNativeTarget;
			buildConfigurationList = D691F03725B58E3400D84649 /* Build configuration list for PBXNativeTarget "Appetizers" */;
			buildPhases = (
				D691F02425B58E3300D84649 /* Sources */,
				D691F02525B58E3300D84649 /* Frameworks */,
				D691F02625B58E3300D84649 /* Resources */,
			);
			buildRules = (
			);
			dependencies = (
			);
			name = Appetizers;
			productName = Appetizers;
			productReference = D691F02825B58E3300D84649 /* Appetizers.app */;
			productType = "com.apple.product-type.application";
		};
/* End PBXNativeTarget section */

/* Begin PBXProject section */
		D691F02025B58E3300D84649 /* Project object */ = {
			isa = PBXProject;
			attributes = {
				LastSwiftUpdateCheck = 1230;
				LastUpgradeCheck = 1230;
				TargetAttributes = {
					D691F02725B58E3300D84649 = {
						CreatedOnToolsVersion = 12.3;
					};
				};
			};
			buildConfigurationList = D691F02325B58E3300D84649 /* Build configuration list for PBXProject "Appetizers" */;
			compatibilityVersion = "Xcode 9.3";
			developmentRegion = en;
			hasScannedForEncodings = 0;
			knownRegions = (
				en,
				Base,
			);
			mainGroup = D691F01F25B58E3300D84649;
			productRefGroup = D691F02925B58E3300D84649 /* Products */;
			projectDirPath = "";
			projectRoot = "";
			targets = (
				D691F02725B58E3300D84649 /* Appetizers */,
			);
		};
/* End PBXProject section */

/* Begin PBXResourcesBuildPhase section */
		D691F02625B58E3300D84649 /* Resources */ = {
			isa = PBXResourcesBuildPhase;
			buildActionMask = 2147483647;
			files = (
				D691F03325B58E3400D84649 /* Preview Assets.xcassets in Resources */,
				D691F03025B58E3400D84649 /* Assets.xcassets in Resources */,
			);
			runOnlyForDeploymentPostprocessing = 0;
		};
/* End PBXResourcesBuildPhase section */

/* Begin PBXSourcesBuildPhase section */
		D691F02425B58E3300D84649 /* Sources */ = {
			isa = PBXSourcesBuildPhase;
			buildActionMask = 2147483647;
			files = (
				D60FF75A25B6ED890020782F /* Appetizer.swift in Sources */,
				D6205B8425B9834A00BE1A89 /* APError.swift in Sources */,
				D6A0691C25B83140002B873F /* AppetizerListCell.swift in Sources */,
				D691F04025B58EC200D84649 /* AccountView.swift in Sources */,
				D6E75D1725BD7B0000BC5FCA /* Color+Ext.swift in Sources */,
				D6C492AC25BAD162007D247D /* AppetizerListViewViewModel.swift in Sources */,
				D6E75D1425BD79FE00BC5FCA /* LoadingView.swift in Sources */,
				D691F02E25B58E3300D84649 /* AppetizerTabView.swift in Sources */,
				D6205B8125B9785F00BE1A89 /* NetworkManager.swift in Sources */,
				D6E75D1A25BD82FD00BC5FCA /* RemoteImage.swift in Sources */,
				D691F02C25B58E3300D84649 /* AppetizersApp.swift in Sources */,
				D6A2A03E25BCAD9600289193 /* Alert.swift in Sources */,
				D691F03D25B58EB400D84649 /* AppetizerListView.swift in Sources */,
				D6F13DA725BF053D00A67042 /* AppetizerDetailView.swift in Sources */,
				D691F04325B58ECC00D84649 /* OrderView.swift in Sources */,
			);
			runOnlyForDeploymentPostprocessing = 0;
		};
/* End PBXSourcesBuildPhase section */

/* Begin XCBuildConfiguration section */
		D691F03525B58E3400D84649 /* Debug */ = {
			isa = XCBuildConfiguration;
			buildSettings = {
				ALWAYS_SEARCH_USER_PATHS = NO;
				CLANG_ANALYZER_NONNULL = YES;
				CLANG_ANALYZER_NUMBER_OBJECT_CONVERSION = YES_AGGRESSIVE;
				CLANG_CXX_LANGUAGE_STANDARD = "gnu++14";
				CLANG_CXX_LIBRARY = "libc++";
				CLANG_ENABLE_MODULES = YES;
				CLANG_ENABLE_OBJC_ARC = YES;
				CLANG_ENABLE_OBJC_WEAK = YES;
				CLANG_WARN_BLOCK_CAPTURE_AUTORELEASING = YES;
				CLANG_WARN_BOOL_CONVERSION = YES;
				CLANG_WARN_COMMA = YES;
				CLANG_WARN_CONSTANT_CONVERSION = YES;
				CLANG_WARN_DEPRECATED_OBJC_IMPLEMENTATIONS = YES;
				CLANG_WARN_DIRECT_OBJC_ISA_USAGE = YES_ERROR;
				CLANG_WARN_DOCUMENTATION_COMMENTS = YES;
				CLANG_WARN_EMPTY_BODY = YES;
				CLANG_WARN_ENUM_CONVERSION = YES;
				CLANG_WARN_INFINITE_RECURSION = YES;
				CLANG_WARN_INT_CONVERSION = YES;
				CLANG_WARN_NON_LITERAL_NULL_CONVERSION = YES;
				CLANG_WARN_OBJC_IMPLICIT_RETAIN_SELF = YES;
				CLANG_WARN_OBJC_LITERAL_CONVERSION = YES;
				CLANG_WARN_OBJC_ROOT_CLASS = YES_ERROR;
				CLANG_WARN_QUOTED_INCLUDE_IN_FRAMEWORK_HEADER = YES;
				CLANG_WARN_RANGE_LOOP_ANALYSIS = YES;
				CLANG_WARN_STRICT_PROTOTYPES = YES;
				CLANG_WARN_SUSPICIOUS_MOVE = YES;
				CLANG_WARN_UNGUARDED_AVAILABILITY = YES_AGGRESSIVE;
				CLANG_WARN_UNREACHABLE_CODE = YES;
				CLANG_WARN__DUPLICATE_METHOD_MATCH = YES;
				COPY_PHASE_STRIP = NO;
				DEBUG_INFORMATION_FORMAT = dwarf;
				ENABLE_STRICT_OBJC_MSGSEND = YES;
				ENABLE_TESTABILITY = YES;
				GCC_C_LANGUAGE_STANDARD = gnu11;
				GCC_DYNAMIC_NO_PIC = NO;
				GCC_NO_COMMON_BLOCKS = YES;
				GCC_OPTIMIZATION_LEVEL = 0;
				GCC_PREPROCESSOR_DEFINITIONS = (
					"DEBUG=1",
					"$(inherited)",
				);
				GCC_WARN_64_TO_32_BIT_CONVERSION = YES;
				GCC_WARN_ABOUT_RETURN_TYPE = YES_ERROR;
				GCC_WARN_UNDECLARED_SELECTOR = YES;
				GCC_WARN_UNINITIALIZED_AUTOS = YES_AGGRESSIVE;
				GCC_WARN_UNUSED_FUNCTION = YES;
				GCC_WARN_UNUSED_VARIABLE = YES;
				IPHONEOS_DEPLOYMENT_TARGET = 14.3;
				MTL_ENABLE_DEBUG_INFO = INCLUDE_SOURCE;
				MTL_FAST_MATH = YES;
				ONLY_ACTIVE_ARCH = YES;
				SDKROOT = iphoneos;
				SWIFT_ACTIVE_COMPILATION_CONDITIONS = DEBUG;
				SWIFT_OPTIMIZATION_LEVEL = "-Onone";
			};
			name = Debug;
		};
		D691F03625B58E3400D84649 /* Release */ = {
			isa = XCBuildConfiguration;
			buildSettings = {
				ALWAYS_SEARCH_USER_PATHS = NO;
				CLANG_ANALYZER_NONNULL = YES;
				CLANG_ANALYZER_NUMBER_OBJECT_CONVERSION = YES_AGGRESSIVE;
				CLANG_CXX_LANGUAGE_STANDARD = "gnu++14";
				CLANG_CXX_LIBRARY = "libc++";
				CLANG_ENABLE_MODULES = YES;
				CLANG_ENABLE_OBJC_ARC = YES;
				CLANG_ENABLE_OBJC_WEAK = YES;
				CLANG_WARN_BLOCK_CAPTURE_AUTORELEASING = YES;
				CLANG_WARN_BOOL_CONVERSION = YES;
				CLANG_WARN_COMMA = YES;
				CLANG_WARN_CONSTANT_CONVERSION = YES;
				CLANG_WARN_DEPRECATED_OBJC_IMPLEMENTATIONS = YES;
				CLANG_WARN_DIRECT_OBJC_ISA_USAGE = YES_ERROR;
				CLANG_WARN_DOCUMENTATION_COMMENTS = YES;
				CLANG_WARN_EMPTY_BODY = YES;
				CLANG_WARN_ENUM_CONVERSION = YES;
				CLANG_WARN_INFINITE_RECURSION = YES;
				CLANG_WARN_INT_CONVERSION = YES;
				CLANG_WARN_NON_LITERAL_NULL_CONVERSION = YES;
				CLANG_WARN_OBJC_IMPLICIT_RETAIN_SELF = YES;
				CLANG_WARN_OBJC_LITERAL_CONVERSION = YES;
				CLANG_WARN_OBJC_ROOT_CLASS = YES_ERROR;
				CLANG_WARN_QUOTED_INCLUDE_IN_FRAMEWORK_HEADER = YES;
				CLANG_WARN_RANGE_LOOP_ANALYSIS = YES;
				CLANG_WARN_STRICT_PROTOTYPES = YES;
				CLANG_WARN_SUSPICIOUS_MOVE = YES;
				CLANG_WARN_UNGUARDED_AVAILABILITY = YES_AGGRESSIVE;
				CLANG_WARN_UNREACHABLE_CODE = YES;
				CLANG_WARN__DUPLICATE_METHOD_MATCH = YES;
				COPY_PHASE_STRIP = NO;
				DEBUG_INFORMATION_FORMAT = "dwarf-with-dsym";
				ENABLE_NS_ASSERTIONS = NO;
				ENABLE_STRICT_OBJC_MSGSEND = YES;
				GCC_C_LANGUAGE_STANDARD = gnu11;
				GCC_NO_COMMON_BLOCKS = YES;
				GCC_WARN_64_TO_32_BIT_CONVERSION = YES;
				GCC_WARN_ABOUT_RETURN_TYPE = YES_ERROR;
				GCC_WARN_UNDECLARED_SELECTOR = YES;
				GCC_WARN_UNINITIALIZED_AUTOS = YES_AGGRESSIVE;
				GCC_WARN_UNUSED_FUNCTION = YES;
				GCC_WARN_UNUSED_VARIABLE = YES;
				IPHONEOS_DEPLOYMENT_TARGET = 14.3;
				MTL_ENABLE_DEBUG_INFO = NO;
				MTL_FAST_MATH = YES;
				SDKROOT = iphoneos;
				SWIFT_COMPILATION_MODE = wholemodule;
				SWIFT_OPTIMIZATION_LEVEL = "-O";
				VALIDATE_PRODUCT = YES;
			};
			name = Release;
		};
		D691F03825B58E3400D84649 /* Debug */ = {
			isa = XCBuildConfiguration;
			buildSettings = {
				ASSETCATALOG_COMPILER_APPICON_NAME = AppIcon;
				ASSETCATALOG_COMPILER_GLOBAL_ACCENT_COLOR_NAME = AccentColor;
				CODE_SIGN_STYLE = Automatic;
				DEVELOPMENT_ASSET_PATHS = "\"Appetizers/Preview Content\"";
				DEVELOPMENT_TEAM = U68AWG975G;
				ENABLE_PREVIEWS = YES;
				INFOPLIST_FILE = Appetizers/Info.plist;
				IPHONEOS_DEPLOYMENT_TARGET = 14.0;
				LD_RUNPATH_SEARCH_PATHS = (
					"$(inherited)",
					"@executable_path/Frameworks",
				);
				PRODUCT_BUNDLE_IDENTIFIER = cskorobogatow.Appetizers;
				PRODUCT_NAME = "$(TARGET_NAME)";
				SWIFT_VERSION = 5.0;
				TARGETED_DEVICE_FAMILY = "1,2";
			};
			name = Debug;
		};
		D691F03925B58E3400D84649 /* Release */ = {
			isa = XCBuildConfiguration;
			buildSettings = {
				ASSETCATALOG_COMPILER_APPICON_NAME = AppIcon;
				ASSETCATALOG_COMPILER_GLOBAL_ACCENT_COLOR_NAME = AccentColor;
				CODE_SIGN_STYLE = Automatic;
				DEVELOPMENT_ASSET_PATHS = "\"Appetizers/Preview Content\"";
				DEVELOPMENT_TEAM = U68AWG975G;
				ENABLE_PREVIEWS = YES;
				INFOPLIST_FILE = Appetizers/Info.plist;
				IPHONEOS_DEPLOYMENT_TARGET = 14.0;
				LD_RUNPATH_SEARCH_PATHS = (
					"$(inherited)",
					"@executable_path/Frameworks",
				);
				PRODUCT_BUNDLE_IDENTIFIER = cskorobogatow.Appetizers;
				PRODUCT_NAME = "$(TARGET_NAME)";
				SWIFT_VERSION = 5.0;
				TARGETED_DEVICE_FAMILY = "1,2";
			};
			name = Release;
		};
/* End XCBuildConfiguration section */

/* Begin XCConfigurationList section */
		D691F02325B58E3300D84649 /* Build configuration list for PBXProject "Appetizers" */ = {
			isa = XCConfigurationList;
			buildConfigurations = (
				D691F03525B58E3400D84649 /* Debug */,
				D691F03625B58E3400D84649 /* Release */,
			);
			defaultConfigurationIsVisible = 0;
			defaultConfigurationName = Release;
		};
		D691F03725B58E3400D84649 /* Build configuration list for PBXNativeTarget "Appetizers" */ = {
			isa = XCConfigurationList;
			buildConfigurations = (
				D691F03825B58E3400D84649 /* Debug */,
				D691F03925B58E3400D84649 /* Release */,
			);
			defaultConfigurationIsVisible = 0;
			defaultConfigurationName = Release;
		};
/* End XCConfigurationList section */
	};
	rootObject = D691F02025B58E3300D84649 /* Project object */;
}
